
Microsoft Visual Studio Solution File, Format Version 12.00
# Visual Studio Version 16
VisualStudioVersion = 16.0.35130.168
MinimumVisualStudioVersion = 10.0.40219.1
Project("{FAE04EC0-301F-11D3-BF4B-00C04F79EFBC}") = "AddList", "AddList\AddList.csproj", "{BE2779DC-7690-4FF9-BEC7-B9775A9CFB79}"
EndProject
Global
	GlobalSection(SolutionConfigurationPlatforms) = preSolution
		Debug|Any CPU = Debug|Any CPU
		Release|Any CPU = Release|Any CPU
	EndGlobalSection
	GlobalSection(ProjectConfigurationPlatforms) = postSolution
		{BE2779DC-7690-4FF9-BEC7-B9775A9CFB79}.Debug|Any CPU.ActiveCfg = Debug|Any CPU
		{BE2779DC-7690-4FF9-BEC7-B9775A9CFB79}.Debug|Any CPU.Build.0 = Debug|Any CPU
		{BE2779DC-7690-4FF9-BEC7-B9775A9CFB79}.Release|Any CPU.ActiveCfg = Release|Any CPU
		{BE2779DC-7690-4FF9-BEC7-B9775A9CFB79}.Release|Any CPU.Build.0 = Release|Any CPU
	EndGlobalSection
	GlobalSection(SolutionProperties) = preSolution
		HideSolutionNode = FALSE
	EndGlobalSection
	GlobalSection(ExtensibilityGlobals) = postSolution
		SolutionGuid = {015BC114-A33D-43A2-9F62-2CCA983909EA}
	EndGlobalSection
EndGlobal
